<?xml version="1.0" encoding="utf-8"?>
<Solution>
  <Folder Name="/src/">
    <Project Path="src/Robotico.Result/Robotico.Result.Lib.csproj" />
  </Folder>
  <Folder Name="/tests/">
    <Project Path="tests/Robotico.Result.Tests/Robotico.Result.Tests.csproj" />
  </Folder>
  <Folder Name="/benchmarks/">
    <Project Path="benchmarks/Robotico.Result.Benchmarks/Robotico.Result.Benchmarks.csproj" />
  </Folder>
</Solution>
